
Microsoft Visual Studio Solution File, Format Version 12.00
# Visual Studio Version 16
VisualStudioVersion = 16.0.30709.132
MinimumVisualStudioVersion = 10.0.40219.1
Project("{9A19103F-16F7-4668-BE54-9A1E7A4F7556}") = "UntieUnite.Core", "UntieUnite.Core\UntieUnite.Core.csproj", "{66AEF375-C6B6-407F-A0A0-FF886E9705F3}"
EndProject
Project("{9A19103F-16F7-4668-BE54-9A1E7A4F7556}") = "UntieUnite.ConsoleApp", "UntieUnite.ConsoleApp\UntieUnite.ConsoleApp.csproj", "{E3C52406-1E4C-4918-A81F-C29DC00F38A6}"
EndProject
Project("{9A19103F-16F7-4668-BE54-9A1E7A4F7556}") = "UntieUnite.Tests", "UntieUnite.Tests\UntieUnite.Tests.csproj", "{106B76B4-8E92-4419-8E82-08CDE6540295}"
EndProject
Global
	GlobalSection(SolutionConfigurationPlatforms) = preSolution
		Debug|Any CPU = Debug|Any CPU
		Release|Any CPU = Release|Any CPU
	EndGlobalSection
	GlobalSection(ProjectConfigurationPlatforms) = postSolution
		{66AEF375-C6B6-407F-A0A0-FF886E9705F3}.Debug|Any CPU.ActiveCfg = Debug|Any CPU
		{66AEF375-C6B6-407F-A0A0-FF886E9705F3}.Debug|Any CPU.Build.0 = Debug|Any CPU
		{66AEF375-C6B6-407F-A0A0-FF886E9705F3}.Release|Any CPU.ActiveCfg = Release|Any CPU
		{66AEF375-C6B6-407F-A0A0-FF886E9705F3}.Release|Any CPU.Build.0 = Release|Any CPU
		{E3C52406-1E4C-4918-A81F-C29DC00F38A6}.Debug|Any CPU.ActiveCfg = Debug|Any CPU
		{E3C52406-1E4C-4918-A81F-C29DC00F38A6}.Debug|Any CPU.Build.0 = Debug|Any CPU
		{E3C52406-1E4C-4918-A81F-C29DC00F38A6}.Release|Any CPU.ActiveCfg = Release|Any CPU
		{E3C52406-1E4C-4918-A81F-C29DC00F38A6}.Release|Any CPU.Build.0 = Release|Any CPU
		{106B76B4-8E92-4419-8E82-08CDE6540295}.Debug|Any CPU.ActiveCfg = Debug|Any CPU
		{106B76B4-8E92-4419-8E82-08CDE6540295}.Debug|Any CPU.Build.0 = Debug|Any CPU
		{106B76B4-8E92-4419-8E82-08CDE6540295}.Release|Any CPU.ActiveCfg = Release|Any CPU
		{106B76B4-8E92-4419-8E82-08CDE6540295}.Release|Any CPU.Build.0 = Release|Any CPU
	EndGlobalSection
	GlobalSection(SolutionProperties) = preSolution
		HideSolutionNode = FALSE
	EndGlobalSection
	GlobalSection(ExtensibilityGlobals) = postSolution
		SolutionGuid = {14F40B66-9FA0-4E2F-B84C-E7296BB50012}
	EndGlobalSection
EndGlobal
